// !$*UTF8*$!
{
	archiveVersion = 1;
	classes = {
	};
	objectVersion = 55;
	objects = {

/* Begin PBXBuildFile section */
		5C9A438227C10005001C6B65 /* AppDelegate.swift in Sources */ = {isa = PBXBuildFile; fileRef = 5C9A438127C10005001C6B65 /* AppDelegate.swift */; };
		5C9A438427C10005001C6B65 /* SceneDelegate.swift in Sources */ = {isa = PBXBuildFile; fileRef = 5C9A438327C10005001C6B65 /* SceneDelegate.swift */; };
		5C9A438627C10005001C6B65 /* ViewController.swift in Sources */ = {isa = PBXBuildFile; fileRef = 5C9A438527C10005001C6B65 /* ViewController.swift */; };
		5C9A438927C10005001C6B65 /* Main.storyboard in Resources */ = {isa = PBXBuildFile; fileRef = 5C9A438727C10005001C6B65 /* Main.storyboard */; };
		5C9A438B27C10006001C6B65 /* Assets.xcassets in Resources */ = {isa = PBXBuildFile; fileRef = 5C9A438A27C10006001C6B65 /* Assets.xcassets */; };
		5C9A438E27C10006001C6B65 /* LaunchScreen.storyboard in Resources */ = {isa = PBXBuildFile; fileRef = 5C9A438C27C10006001C6B65 /* LaunchScreen.storyboard */; };
		5C9A439927C10006001C6B65 /* ITunesOmegaTests.swift in Sources */ = {isa = PBXBuildFile; fileRef = 5C9A439827C10006001C6B65 /* ITunesOmegaTests.swift */; };
		5C9A43A327C10006001C6B65 /* ITunesOmegaUITests.swift in Sources */ = {isa = PBXBuildFile; fileRef = 5C9A43A227C10006001C6B65 /* ITunesOmegaUITests.swift */; };
		5C9A43A527C10006001C6B65 /* ITunesOmegaUITestsLaunchTests.swift in Sources */ = {isa = PBXBuildFile; fileRef = 5C9A43A427C10006001C6B65 /* ITunesOmegaUITestsLaunchTests.swift */; };
/* End PBXBuildFile section */

/* Begin PBXContainerItemProxy section */
		5C9A439527C10006001C6B65 /* PBXContainerItemProxy */ = {
			isa = PBXContainerItemProxy;
			containerPortal = 5C9A437627C10005001C6B65 /* Project object */;
			proxyType = 1;
			remoteGlobalIDString = 5C9A437D27C10005001C6B65;
			remoteInfo = ITunesOmega;
		};
		5C9A439F27C10006001C6B65 /* PBXContainerItemProxy */ = {
			isa = PBXContainerItemProxy;
			containerPortal = 5C9A437627C10005001C6B65 /* Project object */;
			proxyType = 1;
			remoteGlobalIDString = 5C9A437D27C10005001C6B65;
			remoteInfo = ITunesOmega;
		};
/* End PBXContainerItemProxy section */

/* Begin PBXFileReference section */
		5C9A437E27C10005001C6B65 /* ITunesOmega.app */ = {isa = PBXFileReference; explicitFileType = wrapper.application; includeInIndex = 0; path = ITunesOmega.app; sourceTree = BUILT_PRODUCTS_DIR; };
		5C9A438127C10005001C6B65 /* AppDelegate.swift */ = {isa = PBXFileReference; lastKnownFileType = sourcecode.swift; path = AppDelegate.swift; sourceTree = "<group>"; };
		5C9A438327C10005001C6B65 /* SceneDelegate.swift */ = {isa = PBXFileReference; lastKnownFileType = sourcecode.swift; path = SceneDelegate.swift; sourceTree = "<group>"; };
		5C9A438527C10005001C6B65 /* ViewController.swift */ = {isa = PBXFileReference; lastKnownFileType = sourcecode.swift; path = ViewController.swift; sourceTree = "<group>"; };
		5C9A438827C10005001C6B65 /* Base */ = {isa = PBXFileReference; lastKnownFileType = file.storyboard; name = Base; path = Base.lproj/Main.storyboard; sourceTree = "<group>"; };
		5C9A438A27C10006001C6B65 /* Assets.xcassets */ = {isa = PBXFileReference; lastKnownFileType = folder.assetcatalog; path = Assets.xcassets; sourceTree = "<group>"; };
		5C9A438D27C10006001C6B65 /* Base */ = {isa = PBXFileReference; lastKnownFileType = file.storyboard; name = Base; path = Base.lproj/LaunchScreen.storyboard; sourceTree = "<group>"; };
		5C9A438F27C10006001C6B65 /* Info.plist */ = {isa = PBXFileReference; lastKnownFileType = text.plist.xml; path = Info.plist; sourceTree = "<group>"; };
		5C9A439427C10006001C6B65 /* ITunesOmegaTests.xctest */ = {isa = PBXFileReference; explicitFileType = wrapper.cfbundle; includeInIndex = 0; path = ITunesOmegaTests.xctest; sourceTree = BUILT_PRODUCTS_DIR; };
		5C9A439827C10006001C6B65 /* ITunesOmegaTests.swift */ = {isa = PBXFileReference; lastKnownFileType = sourcecode.swift; path = ITunesOmegaTests.swift; sourceTree = "<group>"; };
		5C9A439E27C10006001C6B65 /* ITunesOmegaUITests.xctest */ = {isa = PBXFileReference; explicitFileType = wrapper.cfbundle; includeInIndex = 0; path = ITunesOmegaUITests.xctest; sourceTree = BUILT_PRODUCTS_DIR; };
		5C9A43A227C10006001C6B65 /* ITunesOmegaUITests.swift */ = {isa = PBXFileReference; lastKnownFileType = sourcecode.swift; path = ITunesOmegaUITests.swift; sourceTree = "<group>"; };
		5C9A43A427C10006001C6B65 /* ITunesOmegaUITestsLaunchTests.swift */ = {isa = PBXFileReference; lastKnownFileType = sourcecode.swift; path = ITunesOmegaUITestsLaunchTests.swift; sourceTree = "<group>"; };
/* End PBXFileReference section */

/* Begin PBXFrameworksBuildPhase section */
		5C9A437B27C10005001C6B65 /* Frameworks */ = {
			isa = PBXFrameworksBuildPhase;
			buildActionMask = 2147483647;
			files = (
			);
			runOnlyForDeploymentPostprocessing = 0;
		};
		5C9A439127C10006001C6B65 /* Frameworks */ = {
			isa = PBXFrameworksBuildPhase;
			buildActionMask = 2147483647;
			files = (
			);
			runOnlyForDeploymentPostprocessing = 0;
		};
		5C9A439B27C10006001C6B65 /* Frameworks */ = {
			isa = PBXFrameworksBuildPhase;
			buildActionMask = 2147483647;
			files = (
			);
			runOnlyForDeploymentPostprocessing = 0;
		};
/* End PBXFrameworksBuildPhase section */

/* Begin PBXGroup section */
		5C9A437527C10005001C6B65 = {
			isa = PBXGroup;
			children = (
				5C9A438027C10005001C6B65 /* ITunesOmega */,
				5C9A439727C10006001C6B65 /* ITunesOmegaTests */,
				5C9A43A127C10006001C6B65 /* ITunesOmegaUITests */,
				5C9A437F27C10005001C6B65 /* Products */,
			);
			sourceTree = "<group>";
		};
		5C9A437F27C10005001C6B65 /* Products */ = {
			isa = PBXGroup;
			children = (
				5C9A437E27C10005001C6B65 /* ITunesOmega.app */,
				5C9A439427C10006001C6B65 /* ITunesOmegaTests.xctest */,
				5C9A439E27C10006001C6B65 /* ITunesOmegaUITests.xctest */,
			);
			name = Products;
			sourceTree = "<group>";
		};
		5C9A438027C10005001C6B65 /* ITunesOmega */ = {
			isa = PBXGroup;
			children = (
				5C9A438127C10005001C6B65 /* AppDelegate.swift */,
				5C9A438327C10005001C6B65 /* SceneDelegate.swift */,
				5C9A438527C10005001C6B65 /* ViewController.swift */,
				5C9A438727C10005001C6B65 /* Main.storyboard */,
				5C9A438A27C10006001C6B65 /* Assets.xcassets */,
				5C9A438C27C10006001C6B65 /* LaunchScreen.storyboard */,
				5C9A438F27C10006001C6B65 /* Info.plist */,
			);
			path = ITunesOmega;
			sourceTree = "<group>";
		};
		5C9A439727C10006001C6B65 /* ITunesOmegaTests */ = {
			isa = PBXGroup;
			children = (
				5C9A439827C10006001C6B65 /* ITunesOmegaTests.swift */,
			);
			path = ITunesOmegaTests;
			sourceTree = "<group>";
		};
		5C9A43A127C10006001C6B65 /* ITunesOmegaUITests */ = {
			isa = PBXGroup;
			children = (
				5C9A43A227C10006001C6B65 /* ITunesOmegaUITests.swift */,
				5C9A43A427C10006001C6B65 /* ITunesOmegaUITestsLaunchTests.swift */,
			);
			path = ITunesOmegaUITests;
			sourceTree = "<group>";
		};
/* End PBXGroup section */

/* Begin PBXNativeTarget section */
		5C9A437D27C10005001C6B65 /* ITunesOmega */ = {
			isa = PBXNativeTarget;
			buildConfigurationList = 5C9A43A827C10006001C6B65 /* Build configuration list for PBXNativeTarget "ITunesOmega" */;
			buildPhases = (
				5C9A437A27C10005001C6B65 /* Sources */,
				5C9A437B27C10005001C6B65 /* Frameworks */,
				5C9A437C27C10005001C6B65 /* Resources */,
			);
			buildRules = (
			);
			dependencies = (
			);
			name = ITunesOmega;
			productName = ITunesOmega;
			productReference = 5C9A437E27C10005001C6B65 /* ITunesOmega.app */;
			productType = "com.apple.product-type.application";
		};
		5C9A439327C10006001C6B65 /* ITunesOmegaTests */ = {
			isa = PBXNativeTarget;
			buildConfigurationList = 5C9A43AB27C10006001C6B65 /* Build configuration list for PBXNativeTarget "ITunesOmegaTests" */;
			buildPhases = (
				5C9A439027C10006001C6B65 /* Sources */,
				5C9A439127C10006001C6B65 /* Frameworks */,
				5C9A439227C10006001C6B65 /* Resources */,
			);
			buildRules = (
			);
			dependencies = (
				5C9A439627C10006001C6B65 /* PBXTargetDependency */,
			);
			name = ITunesOmegaTests;
			productName = ITunesOmegaTests;
			productReference = 5C9A439427C10006001C6B65 /* ITunesOmegaTests.xctest */;
			productType = "com.apple.product-type.bundle.unit-test";
		};
		5C9A439D27C10006001C6B65 /* ITunesOmegaUITests */ = {
			isa = PBXNativeTarget;
			buildConfigurationList = 5C9A43AE27C10006001C6B65 /* Build configuration list for PBXNativeTarget "ITunesOmegaUITests" */;
			buildPhases = (
				5C9A439A27C10006001C6B65 /* Sources */,
				5C9A439B27C10006001C6B65 /* Frameworks */,
				5C9A439C27C10006001C6B65 /* Resources */,
			);
			buildRules = (
			);
			dependencies = (
				5C9A43A027C10006001C6B65 /* PBXTargetDependency */,
			);
			name = ITunesOmegaUITests;
			productName = ITunesOmegaUITests;
			productReference = 5C9A439E27C10006001C6B65 /* ITunesOmegaUITests.xctest */;
			productType = "com.apple.product-type.bundle.ui-testing";
		};
/* End PBXNativeTarget section */

/* Begin PBXProject section */
		5C9A437627C10005001C6B65 /* Project object */ = {
			isa = PBXProject;
			attributes = {
				BuildIndependentTargetsInParallel = 1;
				LastSwiftUpdateCheck = 1320;
				LastUpgradeCheck = 1320;
				TargetAttributes = {
					5C9A437D27C10005001C6B65 = {
						CreatedOnToolsVersion = 13.2.1;
					};
					5C9A439327C10006001C6B65 = {
						CreatedOnToolsVersion = 13.2.1;
						TestTargetID = 5C9A437D27C10005001C6B65;
					};
					5C9A439D27C10006001C6B65 = {
						CreatedOnToolsVersion = 13.2.1;
						TestTargetID = 5C9A437D27C10005001C6B65;
					};
				};
			};
			buildConfigurationList = 5C9A437927C10005001C6B65 /* Build configuration list for PBXProject "ITunesOmega" */;
			compatibilityVersion = "Xcode 13.0";
			developmentRegion = en;
			hasScannedForEncodings = 0;
			knownRegions = (
				en,
				Base,
			);
			mainGroup = 5C9A437527C10005001C6B65;
			productRefGroup = 5C9A437F27C10005001C6B65 /* Products */;
			projectDirPath = "";
			projectRoot = "";
			targets = (
				5C9A437D27C10005001C6B65 /* ITunesOmega */,
				5C9A439327C10006001C6B65 /* ITunesOmegaTests */,
				5C9A439D27C10006001C6B65 /* ITunesOmegaUITests */,
			);
		};
/* End PBXProject section */

/* Begin PBXResourcesBuildPhase section */
		5C9A437C27C10005001C6B65 /* Resources */ = {
			isa = PBXResourcesBuildPhase;
			buildActionMask = 2147483647;
			files = (
				5C9A438E27C10006001C6B65 /* LaunchScreen.storyboard in Resources */,
				5C9A438B27C10006001C6B65 /* Assets.xcassets in Resources */,
				5C9A438927C10005001C6B65 /* Main.storyboard in Resources */,
			);
			runOnlyForDeploymentPostprocessing = 0;
		};
		5C9A439227C10006001C6B65 /* Resources */ = {
			isa = PBXResourcesBuildPhase;
			buildActionMask = 2147483647;
			files = (
			);
			runOnlyForDeploymentPostprocessing = 0;
		};
		5C9A439C27C10006001C6B65 /* Resources */ = {
			isa = PBXResourcesBuildPhase;
			buildActionMask = 2147483647;
			files = (
			);
			runOnlyForDeploymentPostprocessing = 0;
		};
/* End PBXResourcesBuildPhase section */

/* Begin PBXSourcesBuildPhase section */
		5C9A437A27C10005001C6B65 /* Sources */ = {
			isa = PBXSourcesBuildPhase;
			buildActionMask = 2147483647;
			files = (
				5C9A438627C10005001C6B65 /* ViewController.swift in Sources */,
				5C9A438227C10005001C6B65 /* AppDelegate.swift in Sources */,
				5C9A438427C10005001C6B65 /* SceneDelegate.swift in Sources */,
			);
			runOnlyForDeploymentPostprocessing = 0;
		};
		5C9A439027C10006001C6B65 /* Sources */ = {
			isa = PBXSourcesBuildPhase;
			buildActionMask = 2147483647;
			files = (
				5C9A439927C10006001C6B65 /* ITunesOmegaTests.swift in Sources */,
			);
			runOnlyForDeploymentPostprocessing = 0;
		};
		5C9A439A27C10006001C6B65 /* Sources */ = {
			isa = PBXSourcesBuildPhase;
			buildActionMask = 2147483647;
			files = (
				5C9A43A527C10006001C6B65 /* ITunesOmegaUITestsLaunchTests.swift in Sources */,
				5C9A43A327C10006001C6B65 /* ITunesOmegaUITests.swift in Sources */,
			);
			runOnlyForDeploymentPostprocessing = 0;
		};
/* End PBXSourcesBuildPhase section */

/* Begin PBXTargetDependency section */
		5C9A439627C10006001C6B65 /* PBXTargetDependency */ = {
			isa = PBXTargetDependency;
			target = 5C9A437D27C10005001C6B65 /* ITunesOmega */;
			targetProxy = 5C9A439527C10006001C6B65 /* PBXContainerItemProxy */;
		};
		5C9A43A027C10006001C6B65 /* PBXTargetDependency */ = {
			isa = PBXTargetDependency;
			target = 5C9A437D27C10005001C6B65 /* ITunesOmega */;
			targetProxy = 5C9A439F27C10006001C6B65 /* PBXContainerItemProxy */;
		};
/* End PBXTargetDependency section */

/* Begin PBXVariantGroup section */
		5C9A438727C10005001C6B65 /* Main.storyboard */ = {
			isa = PBXVariantGroup;
			children = (
				5C9A438827C10005001C6B65 /* Base */,
			);
			name = Main.storyboard;
			sourceTree = "<group>";
		};
		5C9A438C27C10006001C6B65 /* LaunchScreen.storyboard */ = {
			isa = PBXVariantGroup;
			children = (
				5C9A438D27C10006001C6B65 /* Base */,
			);
			name = LaunchScreen.storyboard;
			sourceTree = "<group>";
		};
/* End PBXVariantGroup section */

/* Begin XCBuildConfiguration section */
		5C9A43A627C10006001C6B65 /* Debug */ = {
			isa = XCBuildConfiguration;
			buildSettings = {
				ALWAYS_SEARCH_USER_PATHS = NO;
				CLANG_ANALYZER_NONNULL = YES;
				CLANG_ANALYZER_NUMBER_OBJECT_CONVERSION = YES_AGGRESSIVE;
				CLANG_CXX_LANGUAGE_STANDARD = "gnu++17";
				CLANG_CXX_LIBRARY = "libc++";
				CLANG_ENABLE_MODULES = YES;
				CLANG_ENABLE_OBJC_ARC = YES;
				CLANG_ENABLE_OBJC_WEAK = YES;
				CLANG_WARN_BLOCK_CAPTURE_AUTORELEASING = YES;
				CLANG_WARN_BOOL_CONVERSION = YES;
				CLANG_WARN_COMMA = YES;
				CLANG_WARN_CONSTANT_CONVERSION = YES;
				CLANG_WARN_DEPRECATED_OBJC_IMPLEMENTATIONS = YES;
				CLANG_WARN_DIRECT_OBJC_ISA_USAGE = YES_ERROR;
				CLANG_WARN_DOCUMENTATION_COMMENTS = YES;
				CLANG_WARN_EMPTY_BODY = YES;
				CLANG_WARN_ENUM_CONVERSION = YES;
				CLANG_WARN_INFINITE_RECURSION = YES;
				CLANG_WARN_INT_CONVERSION = YES;
				CLANG_WARN_NON_LITERAL_NULL_CONVERSION = YES;
				CLANG_WARN_OBJC_IMPLICIT_RETAIN_SELF = YES;
				CLANG_WARN_OBJC_LITERAL_CONVERSION = YES;
				CLANG_WARN_OBJC_ROOT_CLASS = YES_ERROR;
				CLANG_WARN_QUOTED_INCLUDE_IN_FRAMEWORK_HEADER = YES;
				CLANG_WARN_RANGE_LOOP_ANALYSIS = YES;
				CLANG_WARN_STRICT_PROTOTYPES = YES;
				CLANG_WARN_SUSPICIOUS_MOVE = YES;
				CLANG_WARN_UNGUARDED_AVAILABILITY = YES_AGGRESSIVE;
				CLANG_WARN_UNREACHABLE_CODE = YES;
				CLANG_WARN__DUPLICATE_METHOD_MATCH = YES;
				COPY_PHASE_STRIP = NO;
				DEBUG_INFORMATION_FORMAT = dwarf;
				ENABLE_STRICT_OBJC_MSGSEND = YES;
				ENABLE_TESTABILITY = YES;
				GCC_C_LANGUAGE_STANDARD = gnu11;
				GCC_DYNAMIC_NO_PIC = NO;
				GCC_NO_COMMON_BLOCKS = YES;
				GCC_OPTIMIZATION_LEVEL = 0;
				GCC_PREPROCESSOR_DEFINITIONS = (
					"DEBUG=1",
					"$(inherited)",
				);
				GCC_WARN_64_TO_32_BIT_CONVERSION = YES;
				GCC_WARN_ABOUT_RETURN_TYPE = YES_ERROR;
				GCC_WARN_UNDECLARED_SELECTOR = YES;
				GCC_WARN_UNINITIALIZED_AUTOS = YES_AGGRESSIVE;
				GCC_WARN_UNUSED_FUNCTION = YES;
				GCC_WARN_UNUSED_VARIABLE = YES;
				IPHONEOS_DEPLOYMENT_TARGET = 15.2;
				MTL_ENABLE_DEBUG_INFO = INCLUDE_SOURCE;
				MTL_FAST_MATH = YES;
				ONLY_ACTIVE_ARCH = YES;
				SDKROOT = iphoneos;
				SWIFT_ACTIVE_COMPILATION_CONDITIONS = DEBUG;
				SWIFT_OPTIMIZATION_LEVEL = "-Onone";
			};
			name = Debug;
		};
		5C9A43A727C10006001C6B65 /* Release */ = {
			isa = XCBuildConfiguration;
			buildSettings = {
				ALWAYS_SEARCH_USER_PATHS = NO;
				CLANG_ANALYZER_NONNULL = YES;
				CLANG_ANALYZER_NUMBER_OBJECT_CONVERSION = YES_AGGRESSIVE;
				CLANG_CXX_LANGUAGE_STANDARD = "gnu++17";
				CLANG_CXX_LIBRARY = "libc++";
				CLANG_ENABLE_MODULES = YES;
				CLANG_ENABLE_OBJC_ARC = YES;
				CLANG_ENABLE_OBJC_WEAK = YES;
				CLANG_WARN_BLOCK_CAPTURE_AUTORELEASING = YES;
				CLANG_WARN_BOOL_CONVERSION = YES;
				CLANG_WARN_COMMA = YES;
				CLANG_WARN_CONSTANT_CONVERSION = YES;
				CLANG_WARN_DEPRECATED_OBJC_IMPLEMENTATIONS = YES;
				CLANG_WARN_DIRECT_OBJC_ISA_USAGE = YES_ERROR;
				CLANG_WARN_DOCUMENTATION_COMMENTS = YES;
				CLANG_WARN_EMPTY_BODY = YES;
				CLANG_WARN_ENUM_CONVERSION = YES;
				CLANG_WARN_INFINITE_RECURSION = YES;
				CLANG_WARN_INT_CONVERSION = YES;
				CLANG_WARN_NON_LITERAL_NULL_CONVERSION = YES;
				CLANG_WARN_OBJC_IMPLICIT_RETAIN_SELF = YES;
				CLANG_WARN_OBJC_LITERAL_CONVERSION = YES;
				CLANG_WARN_OBJC_ROOT_CLASS = YES_ERROR;
				CLANG_WARN_QUOTED_INCLUDE_IN_FRAMEWORK_HEADER = YES;
				CLANG_WARN_RANGE_LOOP_ANALYSIS = YES;
				CLANG_WARN_STRICT_PROTOTYPES = YES;
				CLANG_WARN_SUSPICIOUS_MOVE = YES;
				CLANG_WARN_UNGUARDED_AVAILABILITY = YES_AGGRESSIVE;
				CLANG_WARN_UNREACHABLE_CODE = YES;
				CLANG_WARN__DUPLICATE_METHOD_MATCH = YES;
				COPY_PHASE_STRIP = NO;
				DEBUG_INFORMATION_FORMAT = "dwarf-with-dsym";
				ENABLE_NS_ASSERTIONS = NO;
				ENABLE_STRICT_OBJC_MSGSEND = YES;
				GCC_C_LANGUAGE_STANDARD = gnu11;
				GCC_NO_COMMON_BLOCKS = YES;
				GCC_WARN_64_TO_32_BIT_CONVERSION = YES;
				GCC_WARN_ABOUT_RETURN_TYPE = YES_ERROR;
				GCC_WARN_UNDECLARED_SELECTOR = YES;
				GCC_WARN_UNINITIALIZED_AUTOS = YES_AGGRESSIVE;
				GCC_WARN_UNUSED_FUNCTION = YES;
				GCC_WARN_UNUSED_VARIABLE = YES;
				IPHONEOS_DEPLOYMENT_TARGET = 15.2;
				MTL_ENABLE_DEBUG_INFO = NO;
				MTL_FAST_MATH = YES;
				SDKROOT = iphoneos;
				SWIFT_COMPILATION_MODE = wholemodule;
				SWIFT_OPTIMIZATION_LEVEL = "-O";
				VALIDATE_PRODUCT = YES;
			};
			name = Release;
		};
		5C9A43A927C10006001C6B65 /* Debug */ = {
			isa = XCBuildConfiguration;
			buildSettings = {
				ASSETCATALOG_COMPILER_APPICON_NAME = AppIcon;
				ASSETCATALOG_COMPILER_GLOBAL_ACCENT_COLOR_NAME = AccentColor;
				CODE_SIGN_STYLE = Automatic;
				CURRENT_PROJECT_VERSION = 1;
				DEVELOPMENT_TEAM = QC33Q3848J;
				GENERATE_INFOPLIST_FILE = YES;
				INFOPLIST_FILE = ITunesOmega/Info.plist;
				INFOPLIST_KEY_UIApplicationSupportsIndirectInputEvents = YES;
				INFOPLIST_KEY_UILaunchStoryboardName = LaunchScreen;
				INFOPLIST_KEY_UIMainStoryboardFile = Main;
				INFOPLIST_KEY_UISupportedInterfaceOrientations_iPad = "UIInterfaceOrientationPortrait UIInterfaceOrientationPortraitUpsideDown UIInterfaceOrientationLandscapeLeft UIInterfaceOrientationLandscapeRight";
				INFOPLIST_KEY_UISupportedInterfaceOrientations_iPhone = "UIInterfaceOrientationPortrait UIInterfaceOrientationLandscapeLeft UIInterfaceOrientationLandscapeRight";
				LD_RUNPATH_SEARCH_PATHS = (
					"$(inherited)",
					"@executable_path/Frameworks",
				);
				MARKETING_VERSION = 1.0;
				PRODUCT_BUNDLE_IDENTIFIER = luci666.ITunesOmega;
				PRODUCT_NAME = "$(TARGET_NAME)";
				SWIFT_EMIT_LOC_STRINGS = YES;
				SWIFT_VERSION = 5.0;
				TARGETED_DEVICE_FAMILY = "1,2";
			};
			name = Debug;
		};
		5C9A43AA27C10006001C6B65 /* Release */ = {
			isa = XCBuildConfiguration;
			buildSettings = {
				ASSETCATALOG_COMPILER_APPICON_NAME = AppIcon;
				ASSETCATALOG_COMPILER_GLOBAL_ACCENT_COLOR_NAME = AccentColor;
				CODE_SIGN_STYLE = Automatic;
				CURRENT_PROJECT_VERSION = 1;
				DEVELOPMENT_TEAM = QC33Q3848J;
				GENERATE_INFOPLIST_FILE = YES;
				INFOPLIST_FILE = ITunesOmega/Info.plist;
				INFOPLIST_KEY_UIApplicationSupportsIndirectInputEvents = YES;
				INFOPLIST_KEY_UILaunchStoryboardName = LaunchScreen;
				INFOPLIST_KEY_UIMainStoryboardFile = Main;
				INFOPLIST_KEY_UISupportedInterfaceOrientations_iPad = "UIInterfaceOrientationPortrait UIInterfaceOrientationPortraitUpsideDown UIInterfaceOrientationLandscapeLeft UIInterfaceOrientationLandscapeRight";
				INFOPLIST_KEY_UISupportedInterfaceOrientations_iPhone = "UIInterfaceOrientationPortrait UIInterfaceOrientationLandscapeLeft UIInterfaceOrientationLandscapeRight";
				LD_RUNPATH_SEARCH_PATHS = (
					"$(inherited)",
					"@executable_path/Frameworks",
				);
				MARKETING_VERSION = 1.0;
				PRODUCT_BUNDLE_IDENTIFIER = luci666.ITunesOmega;
				PRODUCT_NAME = "$(TARGET_NAME)";
				SWIFT_EMIT_LOC_STRINGS = YES;
				SWIFT_VERSION = 5.0;
				TARGETED_DEVICE_FAMILY = "1,2";
			};
			name = Release;
		};
		5C9A43AC27C10006001C6B65 /* Debug */ = {
			isa = XCBuildConfiguration;
			buildSettings = {
				ALWAYS_EMBED_SWIFT_STANDARD_LIBRARIES = YES;
				BUNDLE_LOADER = "$(TEST_HOST)";
				CODE_SIGN_STYLE = Automatic;
				CURRENT_PROJECT_VERSION = 1;
				DEVELOPMENT_TEAM = QC33Q3848J;
				GENERATE_INFOPLIST_FILE = YES;
				IPHONEOS_DEPLOYMENT_TARGET = 15.2;
				MARKETING_VERSION = 1.0;
				PRODUCT_BUNDLE_IDENTIFIER = luci666.ITunesOmegaTests;
				PRODUCT_NAME = "$(TARGET_NAME)";
				SWIFT_EMIT_LOC_STRINGS = NO;
				SWIFT_VERSION = 5.0;
				TARGETED_DEVICE_FAMILY = "1,2";
				TEST_HOST = "$(BUILT_PRODUCTS_DIR)/ITunesOmega.app/ITunesOmega";
			};
			name = Debug;
		};
		5C9A43AD27C10006001C6B65 /* Release */ = {
			isa = XCBuildConfiguration;
			buildSettings = {
				ALWAYS_EMBED_SWIFT_STANDARD_LIBRARIES = YES;
				BUNDLE_LOADER = "$(TEST_HOST)";
				CODE_SIGN_STYLE = Automatic;
				CURRENT_PROJECT_VERSION = 1;
				DEVELOPMENT_TEAM = QC33Q3848J;
				GENERATE_INFOPLIST_FILE = YES;
				IPHONEOS_DEPLOYMENT_TARGET = 15.2;
				MARKETING_VERSION = 1.0;
				PRODUCT_BUNDLE_IDENTIFIER = luci666.ITunesOmegaTests;
				PRODUCT_NAME = "$(TARGET_NAME)";
				SWIFT_EMIT_LOC_STRINGS = NO;
				SWIFT_VERSION = 5.0;
				TARGETED_DEVICE_FAMILY = "1,2";
				TEST_HOST = "$(BUILT_PRODUCTS_DIR)/ITunesOmega.app/ITunesOmega";
			};
			name = Release;
		};
		5C9A43AF27C10006001C6B65 /* Debug */ = {
			isa = XCBuildConfiguration;
			buildSettings = {
				ALWAYS_EMBED_SWIFT_STANDARD_LIBRARIES = YES;
				CODE_SIGN_STYLE = Automatic;
				CURRENT_PROJECT_VERSION = 1;
				DEVELOPMENT_TEAM = QC33Q3848J;
				GENERATE_INFOPLIST_FILE = YES;
				MARKETING_VERSION = 1.0;
				PRODUCT_BUNDLE_IDENTIFIER = luci666.ITunesOmegaUITests;
				PRODUCT_NAME = "$(TARGET_NAME)";
				SWIFT_EMIT_LOC_STRINGS = NO;
				SWIFT_VERSION = 5.0;
				TARGETED_DEVICE_FAMILY = "1,2";
				TEST_TARGET_NAME = ITunesOmega;
			};
			name = Debug;
		};
		5C9A43B027C10006001C6B65 /* Release */ = {
			isa = XCBuildConfiguration;
			buildSettings = {
				ALWAYS_EMBED_SWIFT_STANDARD_LIBRARIES = YES;
				CODE_SIGN_STYLE = Automatic;
				CURRENT_PROJECT_VERSION = 1;
				DEVELOPMENT_TEAM = QC33Q3848J;
				GENERATE_INFOPLIST_FILE = YES;
				MARKETING_VERSION = 1.0;
				PRODUCT_BUNDLE_IDENTIFIER = luci666.ITunesOmegaUITests;
				PRODUCT_NAME = "$(TARGET_NAME)";
				SWIFT_EMIT_LOC_STRINGS = NO;
				SWIFT_VERSION = 5.0;
				TARGETED_DEVICE_FAMILY = "1,2";
				TEST_TARGET_NAME = ITunesOmega;
			};
			name = Release;
		};
/* End XCBuildConfiguration section */

/* Begin XCConfigurationList section */
		5C9A437927C10005001C6B65 /* Build configuration list for PBXProject "ITunesOmega" */ = {
			isa = XCConfigurationList;
			buildConfigurations = (
				5C9A43A627C10006001C6B65 /* Debug */,
				5C9A43A727C10006001C6B65 /* Release */,
			);
			defaultConfigurationIsVisible = 0;
			defaultConfigurationName = Release;
		};
		5C9A43A827C10006001C6B65 /* Build configuration list for PBXNativeTarget "ITunesOmega" */ = {
			isa = XCConfigurationList;
			buildConfigurations = (
				5C9A43A927C10006001C6B65 /* Debug */,
				5C9A43AA27C10006001C6B65 /* Release */,
			);
			defaultConfigurationIsVisible = 0;
			defaultConfigurationName = Release;
		};
		5C9A43AB27C10006001C6B65 /* Build configuration list for PBXNativeTarget "ITunesOmegaTests" */ = {
			isa = XCConfigurationList;
			buildConfigurations = (
				5C9A43AC27C10006001C6B65 /* Debug */,
				5C9A43AD27C10006001C6B65 /* Release */,
			);
			defaultConfigurationIsVisible = 0;
			defaultConfigurationName = Release;
		};
		5C9A43AE27C10006001C6B65 /* Build configuration list for PBXNativeTarget "ITunesOmegaUITests" */ = {
			isa = XCConfigurationList;
			buildConfigurations = (
				5C9A43AF27C10006001C6B65 /* Debug */,
				5C9A43B027C10006001C6B65 /* Release */,
			);
			defaultConfigurationIsVisible = 0;
			defaultConfigurationName = Release;
		};
/* End XCConfigurationList section */
	};
	rootObject = 5C9A437627C10005001C6B65 /* Project object */;
}
